dependencies:
- name: artifacts-server
  repository: https://punchplatform.github.io/punch-helm
  version: 8.1.5
- name: punch-board
  repository: https://punchplatform.github.io/punch-helm
  version: 8.1.5
- name: operator-crds
  repository: https://punchplatform.github.io/punch-helm
  version: 8.1.5
- name: operator
  repository: https://punchplatform.github.io/punch-helm
  version: 8.1.5
digest: sha256:a4b784b256a71e2efbd7e99050c0888937497ccc2d57a27cf08a6417f1d2e178
generated: "2023-07-14T02:03:24.75605859Z"
