dependencies:
- name: artifacts-server
  repository: https://punchplatform.github.io/punch-helm
  version: 8.1.5
- name: punch-board
  repository: https://punchplatform.github.io/punch-helm
  version: 8.1.5
- name: operator-crds
  repository: https://punchplatform.github.io/punch-helm
  version: 8.1.5
- name: operator
  repository: https://punchplatform.github.io/punch-helm
  version: 8.1.5
- name: cert-manager
  repository: https://charts.jetstack.io
  version: v1.11.0
- name: minio
  repository: https://charts.min.io/
  version: 5.0.7
digest: sha256:c992ff64695c34c026e891dfa49fe2f8e7ac69c595e7710c45635a4c22c73204
generated: "2023-06-29T16:37:08.087677593+02:00"
