dependencies:
- name: artifacts-server
  repository: https://punchplatform.github.io/punch-helm
  version: 8.1.6
- name: punch-board
  repository: https://punchplatform.github.io/punch-helm
  version: 8.1.6
- name: operator-crds
  repository: https://punchplatform.github.io/punch-helm
  version: 8.1.6
- name: operator
  repository: https://punchplatform.github.io/punch-helm
  version: 8.1.6
digest: sha256:83b75cee7216f52d4d49da1eb28f52b8cbbe04bba83fe3fe7403f8861b7859f8
generated: "2023-08-05T02:03:20.96529024Z"
